
Microsoft Visual Studio Solution File, Format Version 12.00
# Visual Studio 2013
VisualStudioVersion = 12.0.30723.0
MinimumVisualStudioVersion = 10.0.40219.1
Project("{F088123C-0E9E-452A-89E6-6BA2F21D5CAC}") = "PhoneStateMachineModel", "PhoneStateMachineModel\PhoneStateMachineModel.modelproj", "{EEF6AD09-42C7-492D-9839-D1FC91D2BEA5}"
EndProject
Project("{FAE04EC0-301F-11D3-BF4B-00C04F79EFBC}") = "UML", "UML\UML.csproj", "{9CA6CF42-7B26-4935-B284-B51E693F6D09}"
EndProject
Project("{FAE04EC0-301F-11D3-BF4B-00C04F79EFBC}") = "ConsumerProducer", "ConsumerProducer\ConsumerProducer.csproj", "{76519DDD-7722-4493-8073-754F5C0C19E5}"
EndProject
Project("{FAE04EC0-301F-11D3-BF4B-00C04F79EFBC}") = "ActiveStateMachine", "ActiveStateMachine\ActiveStateMachine.csproj", "{3B77B943-FA73-43D6-8E32-C5C7197E493C}"
EndProject
Project("{FAE04EC0-301F-11D3-BF4B-00C04F79EFBC}") = "ApplicationServices", "ApplicationServices\ApplicationServices.csproj", "{DDDA9EF6-3B90-4837-9099-DE91A8078A4C}"
EndProject
Project("{FAE04EC0-301F-11D3-BF4B-00C04F79EFBC}") = "Common", "Common\Common.csproj", "{E86B3664-7305-486A-AC9D-D301E39A5DD5}"
EndProject
Project("{FAE04EC0-301F-11D3-BF4B-00C04F79EFBC}") = "TelephoneStateMachine", "TelephoneStateMachine\TelephoneStateMachine.csproj", "{535E5B55-BC56-4FD3-91A1-AF77A4A03942}"
EndProject
Global
	GlobalSection(SolutionConfigurationPlatforms) = preSolution
		Debug|Any CPU = Debug|Any CPU
		Release|Any CPU = Release|Any CPU
	EndGlobalSection
	GlobalSection(ProjectConfigurationPlatforms) = postSolution
		{EEF6AD09-42C7-492D-9839-D1FC91D2BEA5}.Debug|Any CPU.ActiveCfg = Debug|Any CPU
		{EEF6AD09-42C7-492D-9839-D1FC91D2BEA5}.Debug|Any CPU.Build.0 = Debug|Any CPU
		{EEF6AD09-42C7-492D-9839-D1FC91D2BEA5}.Release|Any CPU.ActiveCfg = Release|Any CPU
		{EEF6AD09-42C7-492D-9839-D1FC91D2BEA5}.Release|Any CPU.Build.0 = Release|Any CPU
		{9CA6CF42-7B26-4935-B284-B51E693F6D09}.Debug|Any CPU.ActiveCfg = Debug|Any CPU
		{9CA6CF42-7B26-4935-B284-B51E693F6D09}.Debug|Any CPU.Build.0 = Debug|Any CPU
		{9CA6CF42-7B26-4935-B284-B51E693F6D09}.Release|Any CPU.ActiveCfg = Release|Any CPU
		{9CA6CF42-7B26-4935-B284-B51E693F6D09}.Release|Any CPU.Build.0 = Release|Any CPU
		{76519DDD-7722-4493-8073-754F5C0C19E5}.Debug|Any CPU.ActiveCfg = Debug|Any CPU
		{76519DDD-7722-4493-8073-754F5C0C19E5}.Debug|Any CPU.Build.0 = Debug|Any CPU
		{76519DDD-7722-4493-8073-754F5C0C19E5}.Release|Any CPU.ActiveCfg = Release|Any CPU
		{76519DDD-7722-4493-8073-754F5C0C19E5}.Release|Any CPU.Build.0 = Release|Any CPU
		{3B77B943-FA73-43D6-8E32-C5C7197E493C}.Debug|Any CPU.ActiveCfg = Debug|Any CPU
		{3B77B943-FA73-43D6-8E32-C5C7197E493C}.Debug|Any CPU.Build.0 = Debug|Any CPU
		{3B77B943-FA73-43D6-8E32-C5C7197E493C}.Release|Any CPU.ActiveCfg = Release|Any CPU
		{3B77B943-FA73-43D6-8E32-C5C7197E493C}.Release|Any CPU.Build.0 = Release|Any CPU
		{DDDA9EF6-3B90-4837-9099-DE91A8078A4C}.Debug|Any CPU.ActiveCfg = Debug|Any CPU
		{DDDA9EF6-3B90-4837-9099-DE91A8078A4C}.Debug|Any CPU.Build.0 = Debug|Any CPU
		{DDDA9EF6-3B90-4837-9099-DE91A8078A4C}.Release|Any CPU.ActiveCfg = Release|Any CPU
		{DDDA9EF6-3B90-4837-9099-DE91A8078A4C}.Release|Any CPU.Build.0 = Release|Any CPU
		{E86B3664-7305-486A-AC9D-D301E39A5DD5}.Debug|Any CPU.ActiveCfg = Debug|Any CPU
		{E86B3664-7305-486A-AC9D-D301E39A5DD5}.Debug|Any CPU.Build.0 = Debug|Any CPU
		{E86B3664-7305-486A-AC9D-D301E39A5DD5}.Release|Any CPU.ActiveCfg = Release|Any CPU
		{E86B3664-7305-486A-AC9D-D301E39A5DD5}.Release|Any CPU.Build.0 = Release|Any CPU
		{535E5B55-BC56-4FD3-91A1-AF77A4A03942}.Debug|Any CPU.ActiveCfg = Debug|Any CPU
		{535E5B55-BC56-4FD3-91A1-AF77A4A03942}.Debug|Any CPU.Build.0 = Debug|Any CPU
		{535E5B55-BC56-4FD3-91A1-AF77A4A03942}.Release|Any CPU.ActiveCfg = Release|Any CPU
		{535E5B55-BC56-4FD3-91A1-AF77A4A03942}.Release|Any CPU.Build.0 = Release|Any CPU
	EndGlobalSection
	GlobalSection(SolutionProperties) = preSolution
		HideSolutionNode = FALSE
	EndGlobalSection
EndGlobal
